
Microsoft Visual Studio Solution File, Format Version 12.00
# Visual Studio Version 17
VisualStudioVersion = 17.2.32526.322
MinimumVisualStudioVersion = 10.0.40219.1
Project("{9A19103F-16F7-4668-BE54-9A1E7A4F7556}") = "Test", "Test.csproj", "{78E07B1D-D084-4CC4-B587-F6012C280422}"
EndProject
Project("{9A19103F-16F7-4668-BE54-9A1E7A4F7556}") = "Library", "..\Library\Library.csproj", "{A1463214-7AAE-4825-8F32-CC73775B58E4}"
EndProject
Global
	GlobalSection(SolutionConfigurationPlatforms) = preSolution
		Debug|Any CPU = Debug|Any CPU
		LowerEnv1|Any CPU = LowerEnv1|Any CPU
		LowerEnv2|Any CPU = LowerEnv2|Any CPU
		Release|Any CPU = Release|Any CPU
	EndGlobalSection
	GlobalSection(ProjectConfigurationPlatforms) = postSolution
		{78E07B1D-D084-4CC4-B587-F6012C280422}.Debug|Any CPU.ActiveCfg = Debug|Any CPU
		{78E07B1D-D084-4CC4-B587-F6012C280422}.Debug|Any CPU.Build.0 = Debug|Any CPU
		{78E07B1D-D084-4CC4-B587-F6012C280422}.LowerEnv1|Any CPU.ActiveCfg = LowerEnv1|Any CPU
		{78E07B1D-D084-4CC4-B587-F6012C280422}.LowerEnv1|Any CPU.Build.0 = LowerEnv1|Any CPU
		{78E07B1D-D084-4CC4-B587-F6012C280422}.LowerEnv2|Any CPU.ActiveCfg = LowerEnv2|Any CPU
		{78E07B1D-D084-4CC4-B587-F6012C280422}.LowerEnv2|Any CPU.Build.0 = LowerEnv2|Any CPU
		{78E07B1D-D084-4CC4-B587-F6012C280422}.Release|Any CPU.ActiveCfg = Release|Any CPU
		{78E07B1D-D084-4CC4-B587-F6012C280422}.Release|Any CPU.Build.0 = Release|Any CPU
		{A1463214-7AAE-4825-8F32-CC73775B58E4}.Debug|Any CPU.ActiveCfg = Debug|Any CPU
		{A1463214-7AAE-4825-8F32-CC73775B58E4}.Debug|Any CPU.Build.0 = Debug|Any CPU
		{A1463214-7AAE-4825-8F32-CC73775B58E4}.LowerEnv1|Any CPU.ActiveCfg = LowerEnv1|Any CPU
		{A1463214-7AAE-4825-8F32-CC73775B58E4}.LowerEnv1|Any CPU.Build.0 = LowerEnv1|Any CPU
		{A1463214-7AAE-4825-8F32-CC73775B58E4}.LowerEnv2|Any CPU.ActiveCfg = LowerEnv2|Any CPU
		{A1463214-7AAE-4825-8F32-CC73775B58E4}.LowerEnv2|Any CPU.Build.0 = LowerEnv2|Any CPU
		{A1463214-7AAE-4825-8F32-CC73775B58E4}.Release|Any CPU.ActiveCfg = Release|Any CPU
		{A1463214-7AAE-4825-8F32-CC73775B58E4}.Release|Any CPU.Build.0 = Release|Any CPU
	EndGlobalSection
	GlobalSection(SolutionProperties) = preSolution
		HideSolutionNode = FALSE
	EndGlobalSection
	GlobalSection(ExtensibilityGlobals) = postSolution
		SolutionGuid = {8ADBA54D-8D09-4C76-8E8E-D185715CA6C0}
	EndGlobalSection
EndGlobal
